<?xml version="1.0" encoding="utf-8"?>
<Project ToolsVersion="4.0" xmlns="http://schemas.microsoft.com/developer/msbuild/2003">
  <ItemGroup>
    <Filter Include="File di origine">
      <UniqueIdentifier>{4FC737F1-C7A5-4376-A066-2A32D752A2FF}</UniqueIdentifier>
      <Extensions>cpp;c;cc;cxx;c++;cppm;ixx;def;odl;idl;hpj;bat;asm;asmx</Extensions>
    </Filter>
    <Filter Include="File di intestazione">
      <UniqueIdentifier>{93995380-89BD-4b04-88EB-625FBE52EBFB}</UniqueIdentifier>
      <Extensions>h;hh;hpp;hxx;h++;hm;inl;inc;ipp;xsd</Extensions>
    </Filter>
    <Filter Include="File di risorse">
      <UniqueIdentifier>{67DA6AB6-F800-4c08-8B7A-83BB121AAD01}</UniqueIdentifier>
      <Extensions>rc;ico;cur;bmp;dlg;rc2;rct;bin;rgs;gif;jpg;jpeg;jpe;resx;tiff;tif;png;wav;mfcribbon-ms</Extensions>
    </Filter>
  </ItemGroup>
  <ItemGroup>
    <ClInclude Include="src\hx\gc\GcRegCapture.h">
      <Filter>File di intestazione</Filter>
    </ClInclude>
    <ClInclude Include="src\hx\Hash.h">
      <Filter>File di intestazione</Filter>
    </ClInclude>
    <ClInclude Include="src\hx\Unicase.h">
      <Filter>File di intestazione</Filter>
    </ClInclude>
  </ItemGroup>
  <ItemGroup>
    <ClCompile Include="src\hx\gc\GcCommon.cpp">
      <Filter>File di origine</Filter>
    </ClCompile>
    <ClCompile Include="src\hx\gc\GcRegCapture.cpp">
      <Filter>File di origine</Filter>
    </ClCompile>
    <ClCompile Include="src\hx\gc\Immix.cpp">
      <Filter>File di origine</Filter>
    </ClCompile>
    <ClCompile Include="src\hx\Anon.cpp">
      <Filter>File di origine</Filter>
    </ClCompile>
    <ClCompile Include="src\hx\Boot.cpp">
      <Filter>File di origine</Filter>
    </ClCompile>
    <ClCompile Include="src\hx\CFFI.cpp">
      <Filter>File di origine</Filter>
    </ClCompile>
    <ClCompile Include="src\hx\Class.cpp">
      <Filter>File di origine</Filter>
    </ClCompile>
    <ClCompile Include="src\hx\Date.cpp">
      <Filter>File di origine</Filter>
    </ClCompile>
    <ClCompile Include="src\hx\Debug.cpp">
      <Filter>File di origine</Filter>
    </ClCompile>
    <ClCompile Include="src\hx\Hash.cpp">
      <Filter>File di origine</Filter>
    </ClCompile>
    <ClCompile Include="src\hx\Interface.cpp">
      <Filter>File di origine</Filter>
    </ClCompile>
    <ClCompile Include="src\hx\Lib.cpp">
      <Filter>File di origine</Filter>
    </ClCompile>
    <ClCompile Include="src\hx\Object.cpp">
      <Filter>File di origine</Filter>
    </ClCompile>
    <ClCompile Include="src\hx\StdLibs.cpp">
      <Filter>File di origine</Filter>
    </ClCompile>
    <ClCompile Include="src\hx\Thread.cpp">
      <Filter>File di origine</Filter>
    </ClCompile>
    <ClCompile Include="src\Array.cpp">
      <Filter>File di origine</Filter>
    </ClCompile>
    <ClCompile Include="src\Dynamic.cpp">
      <Filter>File di origine</Filter>
    </ClCompile>
    <ClCompile Include="src\Enum.cpp">
      <Filter>File di origine</Filter>
    </ClCompile>
    <ClCompile Include="src\Math.cpp">
      <Filter>File di origine</Filter>
    </ClCompile>
    <ClCompile Include="src\String.cpp">
      <Filter>File di origine</Filter>
    </ClCompile>
    <ClCompile Include="hxcpp.cpp">
      <Filter>File di origine</Filter>
    </ClCompile>
  </ItemGroup>
</Project>